
Microsoft Visual Studio Solution File, Format Version 12.00
# Visual Studio 2015
Project("{FAE04EC0-301F-11D3-BF4B-00C04F79EFBC}") = "HoloTest2.CSharp", "HoloTest2.CSharp.csproj", "{C84FD2A2-5551-0375-654C-3E3968AE5C8F}"
EndProject
Global
	GlobalSection(SolutionConfigurationPlatforms) = preSolution
		Debug|Any CPU = Debug|Any CPU
		Release|Any CPU = Release|Any CPU
	EndGlobalSection
	GlobalSection(ProjectConfigurationPlatforms) = postSolution
		{C84FD2A2-5551-0375-654C-3E3968AE5C8F}.Debug|Any CPU.ActiveCfg = Debug|Any CPU
		{C84FD2A2-5551-0375-654C-3E3968AE5C8F}.Debug|Any CPU.Build.0 = Debug|Any CPU
		{C84FD2A2-5551-0375-654C-3E3968AE5C8F}.Release|Any CPU.ActiveCfg = Release|Any CPU
		{C84FD2A2-5551-0375-654C-3E3968AE5C8F}.Release|Any CPU.Build.0 = Release|Any CPU
	EndGlobalSection
	GlobalSection(SolutionProperties) = preSolution
		HideSolutionNode = FALSE
	EndGlobalSection
EndGlobal
